// !$*UTF8*$!
{
	archiveVersion = 1;
	classes = {
	};
	objectVersion = 56;
	objects = {

/* Begin PBXBuildFile section */
		3B8707062A7BF464001B8887 /* AppDelegate.swift in Sources */ = {isa = PBXBuildFile; fileRef = 3B8707052A7BF464001B8887 /* AppDelegate.swift */; };
		3B8707082A7BF464001B8887 /* SceneDelegate.swift in Sources */ = {isa = PBXBuildFile; fileRef = 3B8707072A7BF464001B8887 /* SceneDelegate.swift */; };
		3B87070A2A7BF464001B8887 /* RMTabBarController.swift in Sources */ = {isa = PBXBuildFile; fileRef = 3B8707092A7BF464001B8887 /* RMTabBarController.swift */; };
		3B87070F2A7BF465001B8887 /* Assets.xcassets in Resources */ = {isa = PBXBuildFile; fileRef = 3B87070E2A7BF465001B8887 /* Assets.xcassets */; };
		3B8707122A7BF465001B8887 /* LaunchScreen.storyboard in Resources */ = {isa = PBXBuildFile; fileRef = 3B8707102A7BF465001B8887 /* LaunchScreen.storyboard */; };
		3B87077A2A800491001B8887 /* RMLocation.swift in Sources */ = {isa = PBXBuildFile; fileRef = 3B8707792A800491001B8887 /* RMLocation.swift */; };
		3B87077C2A8004A2001B8887 /* RMCharacter.swift in Sources */ = {isa = PBXBuildFile; fileRef = 3B87077B2A8004A2001B8887 /* RMCharacter.swift */; };
		3B87077E2A8004B9001B8887 /* RMEpisode.swift in Sources */ = {isa = PBXBuildFile; fileRef = 3B87077D2A8004B9001B8887 /* RMEpisode.swift */; };
		3B8707812A8005DD001B8887 /* RMCharacterViewController.swift in Sources */ = {isa = PBXBuildFile; fileRef = 3B8707802A8005DD001B8887 /* RMCharacterViewController.swift */; };
		3B8707832A80061C001B8887 /* RMLocationViewController.swift in Sources */ = {isa = PBXBuildFile; fileRef = 3B8707822A80061C001B8887 /* RMLocationViewController.swift */; };
		3B8707852A80062B001B8887 /* RMEpisodeViewController.swift in Sources */ = {isa = PBXBuildFile; fileRef = 3B8707842A80062B001B8887 /* RMEpisodeViewController.swift */; };
		3B8707872A80063F001B8887 /* RMSettingsViewController.swift in Sources */ = {isa = PBXBuildFile; fileRef = 3B8707862A80063F001B8887 /* RMSettingsViewController.swift */; };
		3B8707892A8130E7001B8887 /* RMService.swift in Sources */ = {isa = PBXBuildFile; fileRef = 3B8707882A8130E7001B8887 /* RMService.swift */; };
		3B87078B2A81315D001B8887 /* RMRequest.swift in Sources */ = {isa = PBXBuildFile; fileRef = 3B87078A2A81315D001B8887 /* RMRequest.swift */; };
		3B87078D2A81365A001B8887 /* RMEndpoint.swift in Sources */ = {isa = PBXBuildFile; fileRef = 3B87078C2A81365A001B8887 /* RMEndpoint.swift */; };
/* End PBXBuildFile section */

/* Begin PBXFileReference section */
		3B8707022A7BF464001B8887 /* RickAndMorty.app */ = {isa = PBXFileReference; explicitFileType = wrapper.application; includeInIndex = 0; path = RickAndMorty.app; sourceTree = BUILT_PRODUCTS_DIR; };
		3B8707052A7BF464001B8887 /* AppDelegate.swift */ = {isa = PBXFileReference; lastKnownFileType = sourcecode.swift; path = AppDelegate.swift; sourceTree = "<group>"; };
		3B8707072A7BF464001B8887 /* SceneDelegate.swift */ = {isa = PBXFileReference; lastKnownFileType = sourcecode.swift; path = SceneDelegate.swift; sourceTree = "<group>"; };
		3B8707092A7BF464001B8887 /* RMTabBarController.swift */ = {isa = PBXFileReference; lastKnownFileType = sourcecode.swift; path = RMTabBarController.swift; sourceTree = "<group>"; };
		3B87070E2A7BF465001B8887 /* Assets.xcassets */ = {isa = PBXFileReference; lastKnownFileType = folder.assetcatalog; path = Assets.xcassets; sourceTree = "<group>"; };
		3B8707112A7BF465001B8887 /* Base */ = {isa = PBXFileReference; lastKnownFileType = file.storyboard; name = Base; path = Base.lproj/LaunchScreen.storyboard; sourceTree = "<group>"; };
		3B8707132A7BF465001B8887 /* Info.plist */ = {isa = PBXFileReference; lastKnownFileType = text.plist.xml; path = Info.plist; sourceTree = "<group>"; };
		3B8707792A800491001B8887 /* RMLocation.swift */ = {isa = PBXFileReference; lastKnownFileType = sourcecode.swift; path = RMLocation.swift; sourceTree = "<group>"; };
		3B87077B2A8004A2001B8887 /* RMCharacter.swift */ = {isa = PBXFileReference; lastKnownFileType = sourcecode.swift; path = RMCharacter.swift; sourceTree = "<group>"; };
		3B87077D2A8004B9001B8887 /* RMEpisode.swift */ = {isa = PBXFileReference; lastKnownFileType = sourcecode.swift; path = RMEpisode.swift; sourceTree = "<group>"; };
		3B8707802A8005DD001B8887 /* RMCharacterViewController.swift */ = {isa = PBXFileReference; lastKnownFileType = sourcecode.swift; path = RMCharacterViewController.swift; sourceTree = "<group>"; };
		3B8707822A80061C001B8887 /* RMLocationViewController.swift */ = {isa = PBXFileReference; lastKnownFileType = sourcecode.swift; path = RMLocationViewController.swift; sourceTree = "<group>"; };
		3B8707842A80062B001B8887 /* RMEpisodeViewController.swift */ = {isa = PBXFileReference; lastKnownFileType = sourcecode.swift; path = RMEpisodeViewController.swift; sourceTree = "<group>"; };
		3B8707862A80063F001B8887 /* RMSettingsViewController.swift */ = {isa = PBXFileReference; lastKnownFileType = sourcecode.swift; path = RMSettingsViewController.swift; sourceTree = "<group>"; };
		3B8707882A8130E7001B8887 /* RMService.swift */ = {isa = PBXFileReference; lastKnownFileType = sourcecode.swift; path = RMService.swift; sourceTree = "<group>"; };
		3B87078A2A81315D001B8887 /* RMRequest.swift */ = {isa = PBXFileReference; lastKnownFileType = sourcecode.swift; path = RMRequest.swift; sourceTree = "<group>"; };
		3B87078C2A81365A001B8887 /* RMEndpoint.swift */ = {isa = PBXFileReference; lastKnownFileType = sourcecode.swift; path = RMEndpoint.swift; sourceTree = "<group>"; };
/* End PBXFileReference section */

/* Begin PBXFrameworksBuildPhase section */
		3B8706FF2A7BF464001B8887 /* Frameworks */ = {
			isa = PBXFrameworksBuildPhase;
			buildActionMask = 2147483647;
			files = (
			);
			runOnlyForDeploymentPostprocessing = 0;
		};
/* End PBXFrameworksBuildPhase section */

/* Begin PBXGroup section */
		3B8706F92A7BF464001B8887 = {
			isa = PBXGroup;
			children = (
				3B8707042A7BF464001B8887 /* RickAndMorty */,
				3B8707032A7BF464001B8887 /* Products */,
			);
			sourceTree = "<group>";
		};
		3B8707032A7BF464001B8887 /* Products */ = {
			isa = PBXGroup;
			children = (
				3B8707022A7BF464001B8887 /* RickAndMorty.app */,
			);
			name = Products;
			sourceTree = "<group>";
		};
		3B8707042A7BF464001B8887 /* RickAndMorty */ = {
			isa = PBXGroup;
			children = (
				3B8707782A7FFF5F001B8887 /* Resources */,
				3B8707772A7FFF55001B8887 /* Managers */,
				3B8707762A7FFB77001B8887 /* APIClient */,
				3B8707752A7FFB63001B8887 /* ViewModels */,
				3B8707742A7FFB54001B8887 /* Views */,
				3B8707732A7FFB47001B8887 /* Models */,
				3B8707722A7FFB13001B8887 /* Controllers */,
				3B8707132A7BF465001B8887 /* Info.plist */,
			);
			path = RickAndMorty;
			sourceTree = "<group>";
		};
		3B8707722A7FFB13001B8887 /* Controllers */ = {
			isa = PBXGroup;
			children = (
				3B87077F2A8005BC001B8887 /* Core */,
			);
			path = Controllers;
			sourceTree = "<group>";
		};
		3B8707732A7FFB47001B8887 /* Models */ = {
			isa = PBXGroup;
			children = (
				3B8707792A800491001B8887 /* RMLocation.swift */,
				3B87077B2A8004A2001B8887 /* RMCharacter.swift */,
				3B87077D2A8004B9001B8887 /* RMEpisode.swift */,
			);
			path = Models;
			sourceTree = "<group>";
		};
		3B8707742A7FFB54001B8887 /* Views */ = {
			isa = PBXGroup;
			children = (
			);
			path = Views;
			sourceTree = "<group>";
		};
		3B8707752A7FFB63001B8887 /* ViewModels */ = {
			isa = PBXGroup;
			children = (
			);
			path = ViewModels;
			sourceTree = "<group>";
		};
		3B8707762A7FFB77001B8887 /* APIClient */ = {
			isa = PBXGroup;
			children = (
				3B8707882A8130E7001B8887 /* RMService.swift */,
				3B87078A2A81315D001B8887 /* RMRequest.swift */,
				3B87078C2A81365A001B8887 /* RMEndpoint.swift */,
			);
			path = APIClient;
			sourceTree = "<group>";
		};
		3B8707772A7FFF55001B8887 /* Managers */ = {
			isa = PBXGroup;
			children = (
			);
			path = Managers;
			sourceTree = "<group>";
		};
		3B8707782A7FFF5F001B8887 /* Resources */ = {
			isa = PBXGroup;
			children = (
				3B87070E2A7BF465001B8887 /* Assets.xcassets */,
				3B8707102A7BF465001B8887 /* LaunchScreen.storyboard */,
				3B8707052A7BF464001B8887 /* AppDelegate.swift */,
				3B8707072A7BF464001B8887 /* SceneDelegate.swift */,
			);
			path = Resources;
			sourceTree = "<group>";
		};
		3B87077F2A8005BC001B8887 /* Core */ = {
			isa = PBXGroup;
			children = (
				3B8707092A7BF464001B8887 /* RMTabBarController.swift */,
				3B8707802A8005DD001B8887 /* RMCharacterViewController.swift */,
				3B8707822A80061C001B8887 /* RMLocationViewController.swift */,
				3B8707842A80062B001B8887 /* RMEpisodeViewController.swift */,
				3B8707862A80063F001B8887 /* RMSettingsViewController.swift */,
			);
			path = Core;
			sourceTree = "<group>";
		};
/* End PBXGroup section */

/* Begin PBXNativeTarget section */
		3B8707012A7BF464001B8887 /* RickAndMorty */ = {
			isa = PBXNativeTarget;
			buildConfigurationList = 3B8707162A7BF465001B8887 /* Build configuration list for PBXNativeTarget "RickAndMorty" */;
			buildPhases = (
				3B8706FE2A7BF464001B8887 /* Sources */,
				3B8706FF2A7BF464001B8887 /* Frameworks */,
				3B8707002A7BF464001B8887 /* Resources */,
			);
			buildRules = (
			);
			dependencies = (
			);
			name = RickAndMorty;
			productName = RickAndMorty;
			productReference = 3B8707022A7BF464001B8887 /* RickAndMorty.app */;
			productType = "com.apple.product-type.application";
		};
/* End PBXNativeTarget section */

/* Begin PBXProject section */
		3B8706FA2A7BF464001B8887 /* Project object */ = {
			isa = PBXProject;
			attributes = {
				BuildIndependentTargetsInParallel = 1;
				LastSwiftUpdateCheck = 1420;
				LastUpgradeCheck = 1420;
				TargetAttributes = {
					3B8707012A7BF464001B8887 = {
						CreatedOnToolsVersion = 14.2;
					};
				};
			};
			buildConfigurationList = 3B8706FD2A7BF464001B8887 /* Build configuration list for PBXProject "RickAndMorty" */;
			compatibilityVersion = "Xcode 14.0";
			developmentRegion = en;
			hasScannedForEncodings = 0;
			knownRegions = (
				en,
				Base,
			);
			mainGroup = 3B8706F92A7BF464001B8887;
			productRefGroup = 3B8707032A7BF464001B8887 /* Products */;
			projectDirPath = "";
			projectRoot = "";
			targets = (
				3B8707012A7BF464001B8887 /* RickAndMorty */,
			);
		};
/* End PBXProject section */

/* Begin PBXResourcesBuildPhase section */
		3B8707002A7BF464001B8887 /* Resources */ = {
			isa = PBXResourcesBuildPhase;
			buildActionMask = 2147483647;
			files = (
				3B8707122A7BF465001B8887 /* LaunchScreen.storyboard in Resources */,
				3B87070F2A7BF465001B8887 /* Assets.xcassets in Resources */,
			);
			runOnlyForDeploymentPostprocessing = 0;
		};
/* End PBXResourcesBuildPhase section */

/* Begin PBXSourcesBuildPhase section */
		3B8706FE2A7BF464001B8887 /* Sources */ = {
			isa = PBXSourcesBuildPhase;
			buildActionMask = 2147483647;
			files = (
				3B8707832A80061C001B8887 /* RMLocationViewController.swift in Sources */,
				3B87077E2A8004B9001B8887 /* RMEpisode.swift in Sources */,
				3B87070A2A7BF464001B8887 /* RMTabBarController.swift in Sources */,
				3B8707852A80062B001B8887 /* RMEpisodeViewController.swift in Sources */,
				3B8707062A7BF464001B8887 /* AppDelegate.swift in Sources */,
				3B8707082A7BF464001B8887 /* SceneDelegate.swift in Sources */,
				3B8707872A80063F001B8887 /* RMSettingsViewController.swift in Sources */,
				3B8707892A8130E7001B8887 /* RMService.swift in Sources */,
				3B87077A2A800491001B8887 /* RMLocation.swift in Sources */,
				3B87078D2A81365A001B8887 /* RMEndpoint.swift in Sources */,
				3B87077C2A8004A2001B8887 /* RMCharacter.swift in Sources */,
				3B87078B2A81315D001B8887 /* RMRequest.swift in Sources */,
				3B8707812A8005DD001B8887 /* RMCharacterViewController.swift in Sources */,
			);
			runOnlyForDeploymentPostprocessing = 0;
		};
/* End PBXSourcesBuildPhase section */

/* Begin PBXVariantGroup section */
		3B8707102A7BF465001B8887 /* LaunchScreen.storyboard */ = {
			isa = PBXVariantGroup;
			children = (
				3B8707112A7BF465001B8887 /* Base */,
			);
			name = LaunchScreen.storyboard;
			sourceTree = "<group>";
		};
/* End PBXVariantGroup section */

/* Begin XCBuildConfiguration section */
		3B8707142A7BF465001B8887 /* Debug */ = {
			isa = XCBuildConfiguration;
			buildSettings = {
				ALWAYS_SEARCH_USER_PATHS = NO;
				CLANG_ANALYZER_NONNULL = YES;
				CLANG_ANALYZER_NUMBER_OBJECT_CONVERSION = YES_AGGRESSIVE;
				CLANG_CXX_LANGUAGE_STANDARD = "gnu++20";
				CLANG_ENABLE_MODULES = YES;
				CLANG_ENABLE_OBJC_ARC = YES;
				CLANG_ENABLE_OBJC_WEAK = YES;
				CLANG_WARN_BLOCK_CAPTURE_AUTORELEASING = YES;
				CLANG_WARN_BOOL_CONVERSION = YES;
				CLANG_WARN_COMMA = YES;
				CLANG_WARN_CONSTANT_CONVERSION = YES;
				CLANG_WARN_DEPRECATED_OBJC_IMPLEMENTATIONS = YES;
				CLANG_WARN_DIRECT_OBJC_ISA_USAGE = YES_ERROR;
				CLANG_WARN_DOCUMENTATION_COMMENTS = YES;
				CLANG_WARN_EMPTY_BODY = YES;
				CLANG_WARN_ENUM_CONVERSION = YES;
				CLANG_WARN_INFINITE_RECURSION = YES;
				CLANG_WARN_INT_CONVERSION = YES;
				CLANG_WARN_NON_LITERAL_NULL_CONVERSION = YES;
				CLANG_WARN_OBJC_IMPLICIT_RETAIN_SELF = YES;
				CLANG_WARN_OBJC_LITERAL_CONVERSION = YES;
				CLANG_WARN_OBJC_ROOT_CLASS = YES_ERROR;
				CLANG_WARN_QUOTED_INCLUDE_IN_FRAMEWORK_HEADER = YES;
				CLANG_WARN_RANGE_LOOP_ANALYSIS = YES;
				CLANG_WARN_STRICT_PROTOTYPES = YES;
				CLANG_WARN_SUSPICIOUS_MOVE = YES;
				CLANG_WARN_UNGUARDED_AVAILABILITY = YES_AGGRESSIVE;
				CLANG_WARN_UNREACHABLE_CODE = YES;
				CLANG_WARN__DUPLICATE_METHOD_MATCH = YES;
				COPY_PHASE_STRIP = NO;
				DEBUG_INFORMATION_FORMAT = dwarf;
				ENABLE_STRICT_OBJC_MSGSEND = YES;
				ENABLE_TESTABILITY = YES;
				GCC_C_LANGUAGE_STANDARD = gnu11;
				GCC_DYNAMIC_NO_PIC = NO;
				GCC_NO_COMMON_BLOCKS = YES;
				GCC_OPTIMIZATION_LEVEL = 0;
				GCC_PREPROCESSOR_DEFINITIONS = (
					"DEBUG=1",
					"$(inherited)",
				);
				GCC_WARN_64_TO_32_BIT_CONVERSION = YES;
				GCC_WARN_ABOUT_RETURN_TYPE = YES_ERROR;
				GCC_WARN_UNDECLARED_SELECTOR = YES;
				GCC_WARN_UNINITIALIZED_AUTOS = YES_AGGRESSIVE;
				GCC_WARN_UNUSED_FUNCTION = YES;
				GCC_WARN_UNUSED_VARIABLE = YES;
				IPHONEOS_DEPLOYMENT_TARGET = 16.2;
				MTL_ENABLE_DEBUG_INFO = INCLUDE_SOURCE;
				MTL_FAST_MATH = YES;
				ONLY_ACTIVE_ARCH = YES;
				SDKROOT = iphoneos;
				SWIFT_ACTIVE_COMPILATION_CONDITIONS = DEBUG;
				SWIFT_OPTIMIZATION_LEVEL = "-Onone";
			};
			name = Debug;
		};
		3B8707152A7BF465001B8887 /* Release */ = {
			isa = XCBuildConfiguration;
			buildSettings = {
				ALWAYS_SEARCH_USER_PATHS = NO;
				CLANG_ANALYZER_NONNULL = YES;
				CLANG_ANALYZER_NUMBER_OBJECT_CONVERSION = YES_AGGRESSIVE;
				CLANG_CXX_LANGUAGE_STANDARD = "gnu++20";
				CLANG_ENABLE_MODULES = YES;
				CLANG_ENABLE_OBJC_ARC = YES;
				CLANG_ENABLE_OBJC_WEAK = YES;
				CLANG_WARN_BLOCK_CAPTURE_AUTORELEASING = YES;
				CLANG_WARN_BOOL_CONVERSION = YES;
				CLANG_WARN_COMMA = YES;
				CLANG_WARN_CONSTANT_CONVERSION = YES;
				CLANG_WARN_DEPRECATED_OBJC_IMPLEMENTATIONS = YES;
				CLANG_WARN_DIRECT_OBJC_ISA_USAGE = YES_ERROR;
				CLANG_WARN_DOCUMENTATION_COMMENTS = YES;
				CLANG_WARN_EMPTY_BODY = YES;
				CLANG_WARN_ENUM_CONVERSION = YES;
				CLANG_WARN_INFINITE_RECURSION = YES;
				CLANG_WARN_INT_CONVERSION = YES;
				CLANG_WARN_NON_LITERAL_NULL_CONVERSION = YES;
				CLANG_WARN_OBJC_IMPLICIT_RETAIN_SELF = YES;
				CLANG_WARN_OBJC_LITERAL_CONVERSION = YES;
				CLANG_WARN_OBJC_ROOT_CLASS = YES_ERROR;
				CLANG_WARN_QUOTED_INCLUDE_IN_FRAMEWORK_HEADER = YES;
				CLANG_WARN_RANGE_LOOP_ANALYSIS = YES;
				CLANG_WARN_STRICT_PROTOTYPES = YES;
				CLANG_WARN_SUSPICIOUS_MOVE = YES;
				CLANG_WARN_UNGUARDED_AVAILABILITY = YES_AGGRESSIVE;
				CLANG_WARN_UNREACHABLE_CODE = YES;
				CLANG_WARN__DUPLICATE_METHOD_MATCH = YES;
				COPY_PHASE_STRIP = NO;
				DEBUG_INFORMATION_FORMAT = "dwarf-with-dsym";
				ENABLE_NS_ASSERTIONS = NO;
				ENABLE_STRICT_OBJC_MSGSEND = YES;
				GCC_C_LANGUAGE_STANDARD = gnu11;
				GCC_NO_COMMON_BLOCKS = YES;
				GCC_WARN_64_TO_32_BIT_CONVERSION = YES;
				GCC_WARN_ABOUT_RETURN_TYPE = YES_ERROR;
				GCC_WARN_UNDECLARED_SELECTOR = YES;
				GCC_WARN_UNINITIALIZED_AUTOS = YES_AGGRESSIVE;
				GCC_WARN_UNUSED_FUNCTION = YES;
				GCC_WARN_UNUSED_VARIABLE = YES;
				IPHONEOS_DEPLOYMENT_TARGET = 16.2;
				MTL_ENABLE_DEBUG_INFO = NO;
				MTL_FAST_MATH = YES;
				SDKROOT = iphoneos;
				SWIFT_COMPILATION_MODE = wholemodule;
				SWIFT_OPTIMIZATION_LEVEL = "-O";
				VALIDATE_PRODUCT = YES;
			};
			name = Release;
		};
		3B8707172A7BF465001B8887 /* Debug */ = {
			isa = XCBuildConfiguration;
			buildSettings = {
				ASSETCATALOG_COMPILER_APPICON_NAME = AppIcon;
				ASSETCATALOG_COMPILER_GLOBAL_ACCENT_COLOR_NAME = AccentColor;
				CODE_SIGN_STYLE = Automatic;
				CURRENT_PROJECT_VERSION = 1;
				GENERATE_INFOPLIST_FILE = YES;
				INFOPLIST_FILE = RickAndMorty/Info.plist;
				INFOPLIST_KEY_UIApplicationSupportsIndirectInputEvents = YES;
				INFOPLIST_KEY_UILaunchStoryboardName = LaunchScreen;
				INFOPLIST_KEY_UISupportedInterfaceOrientations_iPad = "UIInterfaceOrientationPortrait UIInterfaceOrientationPortraitUpsideDown UIInterfaceOrientationLandscapeLeft UIInterfaceOrientationLandscapeRight";
				INFOPLIST_KEY_UISupportedInterfaceOrientations_iPhone = "UIInterfaceOrientationPortrait UIInterfaceOrientationLandscapeLeft UIInterfaceOrientationLandscapeRight";
				LD_RUNPATH_SEARCH_PATHS = (
					"$(inherited)",
					"@executable_path/Frameworks",
				);
				MARKETING_VERSION = 1.0;
				PRODUCT_BUNDLE_IDENTIFIER = com.dodinoyo.RickAndMorty;
				PRODUCT_NAME = "$(TARGET_NAME)";
				SWIFT_EMIT_LOC_STRINGS = YES;
				SWIFT_VERSION = 5.0;
				TARGETED_DEVICE_FAMILY = "1,2";
			};
			name = Debug;
		};
		3B8707182A7BF465001B8887 /* Release */ = {
			isa = XCBuildConfiguration;
			buildSettings = {
				ASSETCATALOG_COMPILER_APPICON_NAME = AppIcon;
				ASSETCATALOG_COMPILER_GLOBAL_ACCENT_COLOR_NAME = AccentColor;
				CODE_SIGN_STYLE = Automatic;
				CURRENT_PROJECT_VERSION = 1;
				GENERATE_INFOPLIST_FILE = YES;
				INFOPLIST_FILE = RickAndMorty/Info.plist;
				INFOPLIST_KEY_UIApplicationSupportsIndirectInputEvents = YES;
				INFOPLIST_KEY_UILaunchStoryboardName = LaunchScreen;
				INFOPLIST_KEY_UISupportedInterfaceOrientations_iPad = "UIInterfaceOrientationPortrait UIInterfaceOrientationPortraitUpsideDown UIInterfaceOrientationLandscapeLeft UIInterfaceOrientationLandscapeRight";
				INFOPLIST_KEY_UISupportedInterfaceOrientations_iPhone = "UIInterfaceOrientationPortrait UIInterfaceOrientationLandscapeLeft UIInterfaceOrientationLandscapeRight";
				LD_RUNPATH_SEARCH_PATHS = (
					"$(inherited)",
					"@executable_path/Frameworks",
				);
				MARKETING_VERSION = 1.0;
				PRODUCT_BUNDLE_IDENTIFIER = com.dodinoyo.RickAndMorty;
				PRODUCT_NAME = "$(TARGET_NAME)";
				SWIFT_EMIT_LOC_STRINGS = YES;
				SWIFT_VERSION = 5.0;
				TARGETED_DEVICE_FAMILY = "1,2";
			};
			name = Release;
		};
/* End XCBuildConfiguration section */

/* Begin XCConfigurationList section */
		3B8706FD2A7BF464001B8887 /* Build configuration list for PBXProject "RickAndMorty" */ = {
			isa = XCConfigurationList;
			buildConfigurations = (
				3B8707142A7BF465001B8887 /* Debug */,
				3B8707152A7BF465001B8887 /* Release */,
			);
			defaultConfigurationIsVisible = 0;
			defaultConfigurationName = Release;
		};
		3B8707162A7BF465001B8887 /* Build configuration list for PBXNativeTarget "RickAndMorty" */ = {
			isa = XCConfigurationList;
			buildConfigurations = (
				3B8707172A7BF465001B8887 /* Debug */,
				3B8707182A7BF465001B8887 /* Release */,
			);
			defaultConfigurationIsVisible = 0;
			defaultConfigurationName = Release;
		};
/* End XCConfigurationList section */
	};
	rootObject = 3B8706FA2A7BF464001B8887 /* Project object */;
}
